
Microsoft Visual Studio Solution File, Format Version 12.00
# Visual Studio 14
VisualStudioVersion = 14.0.24720.0
MinimumVisualStudioVersion = 10.0.40219.1
Project("{6141683F-8A12-4E36-9623-2EB02B2C2303}") = "CoreSetup_hvs_en_sw", "CoreSetup_hvs_en_sw\CoreSetup_hvs_en_sw.isproj", "{86C6B540-B5FB-4E53-B2B0-CED8AF9B8F98}"
EndProject
Global
	GlobalSection(SolutionConfigurationPlatforms) = preSolution
		CD_ROM|Default = CD_ROM|Default
		DVD-5|Default = DVD-5|Default
		SingleImage|Default = SingleImage|Default
	EndGlobalSection
	GlobalSection(ProjectConfigurationPlatforms) = postSolution
		{86C6B540-B5FB-4E53-B2B0-CED8AF9B8F98}.CD_ROM|Default.ActiveCfg = CD_ROM
		{86C6B540-B5FB-4E53-B2B0-CED8AF9B8F98}.CD_ROM|Default.Build.0 = CD_ROM
		{86C6B540-B5FB-4E53-B2B0-CED8AF9B8F98}.DVD-5|Default.ActiveCfg = DVD-5
		{86C6B540-B5FB-4E53-B2B0-CED8AF9B8F98}.DVD-5|Default.Build.0 = DVD-5
		{86C6B540-B5FB-4E53-B2B0-CED8AF9B8F98}.SingleImage|Default.ActiveCfg = SingleImage
		{86C6B540-B5FB-4E53-B2B0-CED8AF9B8F98}.SingleImage|Default.Build.0 = SingleImage
	EndGlobalSection
	GlobalSection(SolutionProperties) = preSolution
		HideSolutionNode = FALSE
	EndGlobalSection
EndGlobal
